
Microsoft Visual Studio Solution File, Format Version 12.00
# Visual Studio Version 17
VisualStudioVersion = 17.2.32616.157
MinimumVisualStudioVersion = 10.0.40219.1
Project("{FAE04EC0-301F-11D3-BF4B-00C04F79EFBC}") = "Magang", "Magang.csproj", "{6554B737-F569-44FD-90E5-0BDFC2F77691}"
EndProject
Global
	GlobalSection(SolutionConfigurationPlatforms) = preSolution
		Debug|Any CPU = Debug|Any CPU
		Release|Any CPU = Release|Any CPU
	EndGlobalSection
	GlobalSection(ProjectConfigurationPlatforms) = postSolution
		{6554B737-F569-44FD-90E5-0BDFC2F77691}.Debug|Any CPU.ActiveCfg = Debug|Any CPU
		{6554B737-F569-44FD-90E5-0BDFC2F77691}.Debug|Any CPU.Build.0 = Debug|Any CPU
		{6554B737-F569-44FD-90E5-0BDFC2F77691}.Release|Any CPU.ActiveCfg = Release|Any CPU
		{6554B737-F569-44FD-90E5-0BDFC2F77691}.Release|Any CPU.Build.0 = Release|Any CPU
	EndGlobalSection
	GlobalSection(SolutionProperties) = preSolution
		HideSolutionNode = FALSE
	EndGlobalSection
	GlobalSection(ExtensibilityGlobals) = postSolution
		SolutionGuid = {0363F186-08E9-4638-9434-D1B3EDC37839}
	EndGlobalSection
EndGlobal
